
Microsoft Visual Studio Solution File, Format Version 12.00
# Visual Studio Version 16
VisualStudioVersion = 16.0.31313.79
MinimumVisualStudioVersion = 10.0.40219.1
Project("{FAE04EC0-301F-11D3-BF4B-00C04F79EFBC}") = "MVVM1", "MVVM1.csproj", "{C2BC1274-0155-4FB0-A1DE-0D0945313EEF}"
EndProject
Global
	GlobalSection(SolutionConfigurationPlatforms) = preSolution
		Debug|Any CPU = Debug|Any CPU
		Release|Any CPU = Release|Any CPU
	EndGlobalSection
	GlobalSection(ProjectConfigurationPlatforms) = postSolution
		{C2BC1274-0155-4FB0-A1DE-0D0945313EEF}.Debug|Any CPU.ActiveCfg = Debug|Any CPU
		{C2BC1274-0155-4FB0-A1DE-0D0945313EEF}.Debug|Any CPU.Build.0 = Debug|Any CPU
		{C2BC1274-0155-4FB0-A1DE-0D0945313EEF}.Release|Any CPU.ActiveCfg = Release|Any CPU
		{C2BC1274-0155-4FB0-A1DE-0D0945313EEF}.Release|Any CPU.Build.0 = Release|Any CPU
	EndGlobalSection
	GlobalSection(SolutionProperties) = preSolution
		HideSolutionNode = FALSE
	EndGlobalSection
	GlobalSection(ExtensibilityGlobals) = postSolution
		SolutionGuid = {69DC051B-3A5E-430C-9425-4BAF3DCA5BD3}
	EndGlobalSection
EndGlobal
